
Microsoft Visual Studio Solution File, Format Version 12.00
# Visual Studio 15
VisualStudioVersion = 15.0.27703.2042
MinimumVisualStudioVersion = 10.0.40219.1
Project("{FAE04EC0-301F-11D3-BF4B-00C04F79EFBC}") = "LZOnDecompress", "LZOnDecompress\LZOnDecompress.csproj", "{DFF70B93-87D4-4BD7-BC96-3AF6D18D40AB}"
EndProject
Global
	GlobalSection(SolutionConfigurationPlatforms) = preSolution
		Debug|Any CPU = Debug|Any CPU
		Release|Any CPU = Release|Any CPU
	EndGlobalSection
	GlobalSection(ProjectConfigurationPlatforms) = postSolution
		{DFF70B93-87D4-4BD7-BC96-3AF6D18D40AB}.Debug|Any CPU.ActiveCfg = Debug|Any CPU
		{DFF70B93-87D4-4BD7-BC96-3AF6D18D40AB}.Debug|Any CPU.Build.0 = Debug|Any CPU
		{DFF70B93-87D4-4BD7-BC96-3AF6D18D40AB}.Release|Any CPU.ActiveCfg = Release|Any CPU
		{DFF70B93-87D4-4BD7-BC96-3AF6D18D40AB}.Release|Any CPU.Build.0 = Release|Any CPU
	EndGlobalSection
	GlobalSection(SolutionProperties) = preSolution
		HideSolutionNode = FALSE
	EndGlobalSection
	GlobalSection(ExtensibilityGlobals) = postSolution
		SolutionGuid = {47F5CDE0-BAAB-474B-9E2C-19E21DC1FDEC}
	EndGlobalSection
EndGlobal
